
Microsoft Visual Studio Solution File, Format Version 12.00
# Visual Studio 2012
Project("{FAE04EC0-301F-11D3-BF4B-00C04F79EFBC}") = "BRSi", "DEMORBS\BRSi.csproj", "{5F2FA1B1-4A77-4B50-92E2-96DD83418F1C}"
EndProject
Global
	GlobalSection(SolutionConfigurationPlatforms) = preSolution
		Debug|Any CPU = Debug|Any CPU
		Release|Any CPU = Release|Any CPU
	EndGlobalSection
	GlobalSection(ProjectConfigurationPlatforms) = postSolution
		{5F2FA1B1-4A77-4B50-92E2-96DD83418F1C}.Debug|Any CPU.ActiveCfg = Debug|Any CPU
		{5F2FA1B1-4A77-4B50-92E2-96DD83418F1C}.Debug|Any CPU.Build.0 = Debug|Any CPU
		{5F2FA1B1-4A77-4B50-92E2-96DD83418F1C}.Release|Any CPU.ActiveCfg = Release|Any CPU
		{5F2FA1B1-4A77-4B50-92E2-96DD83418F1C}.Release|Any CPU.Build.0 = Release|Any CPU
	EndGlobalSection
	GlobalSection(SolutionProperties) = preSolution
		HideSolutionNode = FALSE
	EndGlobalSection
EndGlobal
